// !$*UTF8*$!
{
	archiveVersion = 1;
	classes = {
	};
	objectVersion = 56;
	objects = {

/* Begin PBXBuildFile section */
		1C453089EE3563F4CD1D87A8 /* Pods_GBookBrowser.framework in Frameworks */ = {isa = PBXBuildFile; fileRef = EBB0A505288380D09A90D9F0 /* Pods_GBookBrowser.framework */; };
		280A43DE2916587300837D43 /* ManagerBookDataSource.swift in Sources */ = {isa = PBXBuildFile; fileRef = 280A43DD2916587300837D43 /* ManagerBookDataSource.swift */; };
		280A43E1291670F300837D43 /* BookResponse.swift in Sources */ = {isa = PBXBuildFile; fileRef = 280A43E0291670F300837D43 /* BookResponse.swift */; };
		280A43E32916897E00837D43 /* BookItem.swift in Sources */ = {isa = PBXBuildFile; fileRef = 280A43E22916897E00837D43 /* BookItem.swift */; };
		280A43E52916899000837D43 /* BookData.swift in Sources */ = {isa = PBXBuildFile; fileRef = 280A43E42916899000837D43 /* BookData.swift */; };
		280A43E7291689A100837D43 /* BookSaleInfo.swift in Sources */ = {isa = PBXBuildFile; fileRef = 280A43E6291689A100837D43 /* BookSaleInfo.swift */; };
		280A43E9291689B100837D43 /* BookDataImage.swift in Sources */ = {isa = PBXBuildFile; fileRef = 280A43E8291689B100837D43 /* BookDataImage.swift */; };
		280A43EE29168C2100837D43 /* Localizable.strings in Resources */ = {isa = PBXBuildFile; fileRef = 280A43F029168C2100837D43 /* Localizable.strings */; };
		280A43F429168CA600837D43 /* String+extension.swift in Sources */ = {isa = PBXBuildFile; fileRef = 280A43F329168CA600837D43 /* String+extension.swift */; };
		280A43F629168FFF00837D43 /* UIColor+extension.swift in Sources */ = {isa = PBXBuildFile; fileRef = 280A43F529168FFF00837D43 /* UIColor+extension.swift */; };
		280A43FA2916B17400837D43 /* DetailBookViewCell.swift in Sources */ = {isa = PBXBuildFile; fileRef = 280A43F82916B17400837D43 /* DetailBookViewCell.swift */; };
		280A43FB2916B17400837D43 /* DetailBookViewCell.xib in Resources */ = {isa = PBXBuildFile; fileRef = 280A43F92916B17400837D43 /* DetailBookViewCell.xib */; };
		280A43FE2916B51500837D43 /* SearchBookTableViewCell.swift in Sources */ = {isa = PBXBuildFile; fileRef = 280A43FC2916B51500837D43 /* SearchBookTableViewCell.swift */; };
		280A43FF2916B51500837D43 /* SearchBookTableViewCell.xib in Resources */ = {isa = PBXBuildFile; fileRef = 280A43FD2916B51500837D43 /* SearchBookTableViewCell.xib */; };
		280A44012916D9B300837D43 /* DetailBookViewController.swift in Sources */ = {isa = PBXBuildFile; fileRef = 280A44002916D9B300837D43 /* DetailBookViewController.swift */; };
		28748E11291819F60049DE10 /* UIView+extension.swift in Sources */ = {isa = PBXBuildFile; fileRef = 28748E10291819F60049DE10 /* UIView+extension.swift */; };
		28975A1B2915A2190037D3C0 /* AppDelegate.swift in Sources */ = {isa = PBXBuildFile; fileRef = 28975A1A2915A2190037D3C0 /* AppDelegate.swift */; };
		28975A1F2915A2190037D3C0 /* SearchBookViewController.swift in Sources */ = {isa = PBXBuildFile; fileRef = 28975A1E2915A2190037D3C0 /* SearchBookViewController.swift */; };
		28975A222915A2190037D3C0 /* Main.storyboard in Resources */ = {isa = PBXBuildFile; fileRef = 28975A202915A2190037D3C0 /* Main.storyboard */; };
		28975A242915A21E0037D3C0 /* Assets.xcassets in Resources */ = {isa = PBXBuildFile; fileRef = 28975A232915A21E0037D3C0 /* Assets.xcassets */; };
		28975A272915A21E0037D3C0 /* LaunchScreen.storyboard in Resources */ = {isa = PBXBuildFile; fileRef = 28975A252915A21E0037D3C0 /* LaunchScreen.storyboard */; };
		28F9EAFE29184155003BDA7B /* LaunchView.xib in Resources */ = {isa = PBXBuildFile; fileRef = 28F9EAFD29184155003BDA7B /* LaunchView.xib */; };
/* End PBXBuildFile section */

/* Begin PBXFileReference section */
		280A43DD2916587300837D43 /* ManagerBookDataSource.swift */ = {isa = PBXFileReference; lastKnownFileType = sourcecode.swift; path = ManagerBookDataSource.swift; sourceTree = "<group>"; };
		280A43E0291670F300837D43 /* BookResponse.swift */ = {isa = PBXFileReference; lastKnownFileType = sourcecode.swift; path = BookResponse.swift; sourceTree = "<group>"; };
		280A43E22916897E00837D43 /* BookItem.swift */ = {isa = PBXFileReference; lastKnownFileType = sourcecode.swift; path = BookItem.swift; sourceTree = "<group>"; };
		280A43E42916899000837D43 /* BookData.swift */ = {isa = PBXFileReference; lastKnownFileType = sourcecode.swift; path = BookData.swift; sourceTree = "<group>"; };
		280A43E6291689A100837D43 /* BookSaleInfo.swift */ = {isa = PBXFileReference; lastKnownFileType = sourcecode.swift; path = BookSaleInfo.swift; sourceTree = "<group>"; };
		280A43E8291689B100837D43 /* BookDataImage.swift */ = {isa = PBXFileReference; lastKnownFileType = sourcecode.swift; path = BookDataImage.swift; sourceTree = "<group>"; };
		280A43F129168C3800837D43 /* cs */ = {isa = PBXFileReference; lastKnownFileType = text.plist.strings; name = cs; path = cs.lproj/Localizable.strings; sourceTree = "<group>"; };
		280A43F329168CA600837D43 /* String+extension.swift */ = {isa = PBXFileReference; lastKnownFileType = sourcecode.swift; path = "String+extension.swift"; sourceTree = "<group>"; };
		280A43F529168FFF00837D43 /* UIColor+extension.swift */ = {isa = PBXFileReference; lastKnownFileType = sourcecode.swift; path = "UIColor+extension.swift"; sourceTree = "<group>"; };
		280A43F82916B17400837D43 /* DetailBookViewCell.swift */ = {isa = PBXFileReference; lastKnownFileType = sourcecode.swift; path = DetailBookViewCell.swift; sourceTree = "<group>"; };
		280A43F92916B17400837D43 /* DetailBookViewCell.xib */ = {isa = PBXFileReference; lastKnownFileType = file.xib; path = DetailBookViewCell.xib; sourceTree = "<group>"; };
		280A43FC2916B51500837D43 /* SearchBookTableViewCell.swift */ = {isa = PBXFileReference; lastKnownFileType = sourcecode.swift; path = SearchBookTableViewCell.swift; sourceTree = "<group>"; };
		280A43FD2916B51500837D43 /* SearchBookTableViewCell.xib */ = {isa = PBXFileReference; lastKnownFileType = file.xib; path = SearchBookTableViewCell.xib; sourceTree = "<group>"; };
		280A44002916D9B300837D43 /* DetailBookViewController.swift */ = {isa = PBXFileReference; lastKnownFileType = sourcecode.swift; path = DetailBookViewController.swift; sourceTree = "<group>"; };
		28748E10291819F60049DE10 /* UIView+extension.swift */ = {isa = PBXFileReference; lastKnownFileType = sourcecode.swift; path = "UIView+extension.swift"; sourceTree = "<group>"; };
		28975A172915A2190037D3C0 /* GBookBrowser.app */ = {isa = PBXFileReference; explicitFileType = wrapper.application; includeInIndex = 0; path = GBookBrowser.app; sourceTree = BUILT_PRODUCTS_DIR; };
		28975A1A2915A2190037D3C0 /* AppDelegate.swift */ = {isa = PBXFileReference; lastKnownFileType = sourcecode.swift; path = AppDelegate.swift; sourceTree = "<group>"; };
		28975A1E2915A2190037D3C0 /* SearchBookViewController.swift */ = {isa = PBXFileReference; lastKnownFileType = sourcecode.swift; path = SearchBookViewController.swift; sourceTree = "<group>"; };
		28975A212915A2190037D3C0 /* Base */ = {isa = PBXFileReference; lastKnownFileType = file.storyboard; name = Base; path = Base.lproj/Main.storyboard; sourceTree = "<group>"; };
		28975A232915A21E0037D3C0 /* Assets.xcassets */ = {isa = PBXFileReference; lastKnownFileType = folder.assetcatalog; path = Assets.xcassets; sourceTree = "<group>"; };
		28975A262915A21E0037D3C0 /* Base */ = {isa = PBXFileReference; lastKnownFileType = file.storyboard; name = Base; path = Base.lproj/LaunchScreen.storyboard; sourceTree = "<group>"; };
		28975A282915A21E0037D3C0 /* Info.plist */ = {isa = PBXFileReference; lastKnownFileType = text.plist.xml; path = Info.plist; sourceTree = "<group>"; };
		28F9EAFD29184155003BDA7B /* LaunchView.xib */ = {isa = PBXFileReference; lastKnownFileType = file.xib; path = LaunchView.xib; sourceTree = "<group>"; };
		7D1A71C0F8995C5237208C87 /* Pods-GBookBrowser.release.xcconfig */ = {isa = PBXFileReference; includeInIndex = 1; lastKnownFileType = text.xcconfig; name = "Pods-GBookBrowser.release.xcconfig"; path = "Target Support Files/Pods-GBookBrowser/Pods-GBookBrowser.release.xcconfig"; sourceTree = "<group>"; };
		82A499CD7A5C25E65C6CB8FD /* Pods-GBookBrowser.debug.xcconfig */ = {isa = PBXFileReference; includeInIndex = 1; lastKnownFileType = text.xcconfig; name = "Pods-GBookBrowser.debug.xcconfig"; path = "Target Support Files/Pods-GBookBrowser/Pods-GBookBrowser.debug.xcconfig"; sourceTree = "<group>"; };
		EBB0A505288380D09A90D9F0 /* Pods_GBookBrowser.framework */ = {isa = PBXFileReference; explicitFileType = wrapper.framework; includeInIndex = 0; path = Pods_GBookBrowser.framework; sourceTree = BUILT_PRODUCTS_DIR; };
/* End PBXFileReference section */

/* Begin PBXFrameworksBuildPhase section */
		28975A142915A2190037D3C0 /* Frameworks */ = {
			isa = PBXFrameworksBuildPhase;
			buildActionMask = 2147483647;
			files = (
				1C453089EE3563F4CD1D87A8 /* Pods_GBookBrowser.framework in Frameworks */,
			);
			runOnlyForDeploymentPostprocessing = 0;
		};
/* End PBXFrameworksBuildPhase section */

/* Begin PBXGroup section */
		0D8598E60D7BC52BB55B51E6 /* Frameworks */ = {
			isa = PBXGroup;
			children = (
				EBB0A505288380D09A90D9F0 /* Pods_GBookBrowser.framework */,
			);
			name = Frameworks;
			sourceTree = "<group>";
		};
		280A43DB2916581000837D43 /* Controllers */ = {
			isa = PBXGroup;
			children = (
				280A43F72916B13F00837D43 /* Cell */,
				28975A1E2915A2190037D3C0 /* SearchBookViewController.swift */,
				280A44002916D9B300837D43 /* DetailBookViewController.swift */,
			);
			path = Controllers;
			sourceTree = "<group>";
		};
		280A43DC2916582200837D43 /* Managers */ = {
			isa = PBXGroup;
			children = (
				280A43DD2916587300837D43 /* ManagerBookDataSource.swift */,
			);
			path = Managers;
			sourceTree = "<group>";
		};
		280A43DF29165FBF00837D43 /* Objects */ = {
			isa = PBXGroup;
			children = (
				280A43E0291670F300837D43 /* BookResponse.swift */,
				280A43E22916897E00837D43 /* BookItem.swift */,
				280A43E42916899000837D43 /* BookData.swift */,
				280A43E6291689A100837D43 /* BookSaleInfo.swift */,
				280A43E8291689B100837D43 /* BookDataImage.swift */,
			);
			path = Objects;
			sourceTree = "<group>";
		};
		280A43F229168C9800837D43 /* Extensions */ = {
			isa = PBXGroup;
			children = (
				280A43F329168CA600837D43 /* String+extension.swift */,
				280A43F529168FFF00837D43 /* UIColor+extension.swift */,
				28748E10291819F60049DE10 /* UIView+extension.swift */,
			);
			path = Extensions;
			sourceTree = "<group>";
		};
		280A43F72916B13F00837D43 /* Cell */ = {
			isa = PBXGroup;
			children = (
				28748E13291829AC0049DE10 /* SearchBookTableViewCell */,
				28748E12291829A10049DE10 /* DetailBookViewCell */,
			);
			path = Cell;
			sourceTree = "<group>";
		};
		28748E12291829A10049DE10 /* DetailBookViewCell */ = {
			isa = PBXGroup;
			children = (
				280A43F82916B17400837D43 /* DetailBookViewCell.swift */,
				280A43F92916B17400837D43 /* DetailBookViewCell.xib */,
			);
			path = DetailBookViewCell;
			sourceTree = "<group>";
		};
		28748E13291829AC0049DE10 /* SearchBookTableViewCell */ = {
			isa = PBXGroup;
			children = (
				280A43FC2916B51500837D43 /* SearchBookTableViewCell.swift */,
				280A43FD2916B51500837D43 /* SearchBookTableViewCell.xib */,
			);
			path = SearchBookTableViewCell;
			sourceTree = "<group>";
		};
		28975A0E2915A2190037D3C0 = {
			isa = PBXGroup;
			children = (
				28975A192915A2190037D3C0 /* GBookBrowser */,
				28975A182915A2190037D3C0 /* Products */,
				6C1AB62A85C82535FD9CD9AF /* Pods */,
				0D8598E60D7BC52BB55B51E6 /* Frameworks */,
			);
			sourceTree = "<group>";
		};
		28975A182915A2190037D3C0 /* Products */ = {
			isa = PBXGroup;
			children = (
				28975A172915A2190037D3C0 /* GBookBrowser.app */,
			);
			name = Products;
			sourceTree = "<group>";
		};
		28975A192915A2190037D3C0 /* GBookBrowser */ = {
			isa = PBXGroup;
			children = (
				280A43F229168C9800837D43 /* Extensions */,
				280A43DF29165FBF00837D43 /* Objects */,
				280A43DC2916582200837D43 /* Managers */,
				280A43DB2916581000837D43 /* Controllers */,
				28975A1A2915A2190037D3C0 /* AppDelegate.swift */,
				28975A202915A2190037D3C0 /* Main.storyboard */,
				28975A232915A21E0037D3C0 /* Assets.xcassets */,
				28975A252915A21E0037D3C0 /* LaunchScreen.storyboard */,
				28975A282915A21E0037D3C0 /* Info.plist */,
				280A43F029168C2100837D43 /* Localizable.strings */,
				28F9EAFD29184155003BDA7B /* LaunchView.xib */,
			);
			path = GBookBrowser;
			sourceTree = "<group>";
		};
		6C1AB62A85C82535FD9CD9AF /* Pods */ = {
			isa = PBXGroup;
			children = (
				82A499CD7A5C25E65C6CB8FD /* Pods-GBookBrowser.debug.xcconfig */,
				7D1A71C0F8995C5237208C87 /* Pods-GBookBrowser.release.xcconfig */,
			);
			path = Pods;
			sourceTree = "<group>";
		};
/* End PBXGroup section */

/* Begin PBXNativeTarget section */
		28975A162915A2190037D3C0 /* GBookBrowser */ = {
			isa = PBXNativeTarget;
			buildConfigurationList = 28975A2B2915A21E0037D3C0 /* Build configuration list for PBXNativeTarget "GBookBrowser" */;
			buildPhases = (
				2A3EC3519B8C8F84ED1A4359 /* [CP] Check Pods Manifest.lock */,
				28975A132915A2190037D3C0 /* Sources */,
				28975A142915A2190037D3C0 /* Frameworks */,
				28975A152915A2190037D3C0 /* Resources */,
				2245C04242C9D26408D39188 /* [CP] Embed Pods Frameworks */,
			);
			buildRules = (
			);
			dependencies = (
			);
			name = GBookBrowser;
			productName = GBookBrowser;
			productReference = 28975A172915A2190037D3C0 /* GBookBrowser.app */;
			productType = "com.apple.product-type.application";
		};
/* End PBXNativeTarget section */

/* Begin PBXProject section */
		28975A0F2915A2190037D3C0 /* Project object */ = {
			isa = PBXProject;
			attributes = {
				BuildIndependentTargetsInParallel = 1;
				LastSwiftUpdateCheck = 1410;
				LastUpgradeCheck = 1410;
				TargetAttributes = {
					28975A162915A2190037D3C0 = {
						CreatedOnToolsVersion = 14.1;
					};
				};
			};
			buildConfigurationList = 28975A122915A2190037D3C0 /* Build configuration list for PBXProject "GBookBrowser" */;
			compatibilityVersion = "Xcode 14.0";
			developmentRegion = cs;
			hasScannedForEncodings = 0;
			knownRegions = (
				Base,
				cs,
			);
			mainGroup = 28975A0E2915A2190037D3C0;
			productRefGroup = 28975A182915A2190037D3C0 /* Products */;
			projectDirPath = "";
			projectRoot = "";
			targets = (
				28975A162915A2190037D3C0 /* GBookBrowser */,
			);
		};
/* End PBXProject section */

/* Begin PBXResourcesBuildPhase section */
		28975A152915A2190037D3C0 /* Resources */ = {
			isa = PBXResourcesBuildPhase;
			buildActionMask = 2147483647;
			files = (
				280A43FF2916B51500837D43 /* SearchBookTableViewCell.xib in Resources */,
				28975A272915A21E0037D3C0 /* LaunchScreen.storyboard in Resources */,
				280A43FB2916B17400837D43 /* DetailBookViewCell.xib in Resources */,
				28F9EAFE29184155003BDA7B /* LaunchView.xib in Resources */,
				280A43EE29168C2100837D43 /* Localizable.strings in Resources */,
				28975A242915A21E0037D3C0 /* Assets.xcassets in Resources */,
				28975A222915A2190037D3C0 /* Main.storyboard in Resources */,
			);
			runOnlyForDeploymentPostprocessing = 0;
		};
/* End PBXResourcesBuildPhase section */

/* Begin PBXShellScriptBuildPhase section */
		2245C04242C9D26408D39188 /* [CP] Embed Pods Frameworks */ = {
			isa = PBXShellScriptBuildPhase;
			buildActionMask = 2147483647;
			files = (
			);
			inputFileListPaths = (
				"${PODS_ROOT}/Target Support Files/Pods-GBookBrowser/Pods-GBookBrowser-frameworks-${CONFIGURATION}-input-files.xcfilelist",
			);
			name = "[CP] Embed Pods Frameworks";
			outputFileListPaths = (
				"${PODS_ROOT}/Target Support Files/Pods-GBookBrowser/Pods-GBookBrowser-frameworks-${CONFIGURATION}-output-files.xcfilelist",
			);
			runOnlyForDeploymentPostprocessing = 0;
			shellPath = /bin/sh;
			shellScript = "\"${PODS_ROOT}/Target Support Files/Pods-GBookBrowser/Pods-GBookBrowser-frameworks.sh\"\n";
			showEnvVarsInLog = 0;
		};
		2A3EC3519B8C8F84ED1A4359 /* [CP] Check Pods Manifest.lock */ = {
			isa = PBXShellScriptBuildPhase;
			buildActionMask = 2147483647;
			files = (
			);
			inputFileListPaths = (
			);
			inputPaths = (
				"${PODS_PODFILE_DIR_PATH}/Podfile.lock",
				"${PODS_ROOT}/Manifest.lock",
			);
			name = "[CP] Check Pods Manifest.lock";
			outputFileListPaths = (
			);
			outputPaths = (
				"$(DERIVED_FILE_DIR)/Pods-GBookBrowser-checkManifestLockResult.txt",
			);
			runOnlyForDeploymentPostprocessing = 0;
			shellPath = /bin/sh;
			shellScript = "diff \"${PODS_PODFILE_DIR_PATH}/Podfile.lock\" \"${PODS_ROOT}/Manifest.lock\" > /dev/null\nif [ $? != 0 ] ; then\n    # print error to STDERR\n    echo \"error: The sandbox is not in sync with the Podfile.lock. Run 'pod install' or update your CocoaPods installation.\" >&2\n    exit 1\nfi\n# This output is used by Xcode 'outputs' to avoid re-running this script phase.\necho \"SUCCESS\" > \"${SCRIPT_OUTPUT_FILE_0}\"\n";
			showEnvVarsInLog = 0;
		};
/* End PBXShellScriptBuildPhase section */

/* Begin PBXSourcesBuildPhase section */
		28975A132915A2190037D3C0 /* Sources */ = {
			isa = PBXSourcesBuildPhase;
			buildActionMask = 2147483647;
			files = (
				280A43FE2916B51500837D43 /* SearchBookTableViewCell.swift in Sources */,
				28975A1F2915A2190037D3C0 /* SearchBookViewController.swift in Sources */,
				280A43FA2916B17400837D43 /* DetailBookViewCell.swift in Sources */,
				280A44012916D9B300837D43 /* DetailBookViewController.swift in Sources */,
				28975A1B2915A2190037D3C0 /* AppDelegate.swift in Sources */,
				280A43E52916899000837D43 /* BookData.swift in Sources */,
				280A43E32916897E00837D43 /* BookItem.swift in Sources */,
				280A43DE2916587300837D43 /* ManagerBookDataSource.swift in Sources */,
				280A43E7291689A100837D43 /* BookSaleInfo.swift in Sources */,
				280A43E9291689B100837D43 /* BookDataImage.swift in Sources */,
				28748E11291819F60049DE10 /* UIView+extension.swift in Sources */,
				280A43F629168FFF00837D43 /* UIColor+extension.swift in Sources */,
				280A43E1291670F300837D43 /* BookResponse.swift in Sources */,
				280A43F429168CA600837D43 /* String+extension.swift in Sources */,
			);
			runOnlyForDeploymentPostprocessing = 0;
		};
/* End PBXSourcesBuildPhase section */

/* Begin PBXVariantGroup section */
		280A43F029168C2100837D43 /* Localizable.strings */ = {
			isa = PBXVariantGroup;
			children = (
				280A43F129168C3800837D43 /* cs */,
			);
			name = Localizable.strings;
			sourceTree = "<group>";
		};
		28975A202915A2190037D3C0 /* Main.storyboard */ = {
			isa = PBXVariantGroup;
			children = (
				28975A212915A2190037D3C0 /* Base */,
			);
			name = Main.storyboard;
			sourceTree = "<group>";
		};
		28975A252915A21E0037D3C0 /* LaunchScreen.storyboard */ = {
			isa = PBXVariantGroup;
			children = (
				28975A262915A21E0037D3C0 /* Base */,
			);
			name = LaunchScreen.storyboard;
			sourceTree = "<group>";
		};
/* End PBXVariantGroup section */

/* Begin XCBuildConfiguration section */
		28975A292915A21E0037D3C0 /* Debug */ = {
			isa = XCBuildConfiguration;
			buildSettings = {
				ALWAYS_SEARCH_USER_PATHS = NO;
				CLANG_ANALYZER_LOCALIZABILITY_NONLOCALIZED = YES;
				CLANG_ANALYZER_NONNULL = YES;
				CLANG_ANALYZER_NUMBER_OBJECT_CONVERSION = YES_AGGRESSIVE;
				CLANG_CXX_LANGUAGE_STANDARD = "gnu++20";
				CLANG_ENABLE_MODULES = YES;
				CLANG_ENABLE_OBJC_ARC = YES;
				CLANG_ENABLE_OBJC_WEAK = YES;
				CLANG_WARN_BLOCK_CAPTURE_AUTORELEASING = YES;
				CLANG_WARN_BOOL_CONVERSION = YES;
				CLANG_WARN_COMMA = YES;
				CLANG_WARN_CONSTANT_CONVERSION = YES;
				CLANG_WARN_DEPRECATED_OBJC_IMPLEMENTATIONS = YES;
				CLANG_WARN_DIRECT_OBJC_ISA_USAGE = YES_ERROR;
				CLANG_WARN_DOCUMENTATION_COMMENTS = YES;
				CLANG_WARN_EMPTY_BODY = YES;
				CLANG_WARN_ENUM_CONVERSION = YES;
				CLANG_WARN_INFINITE_RECURSION = YES;
				CLANG_WARN_INT_CONVERSION = YES;
				CLANG_WARN_NON_LITERAL_NULL_CONVERSION = YES;
				CLANG_WARN_OBJC_IMPLICIT_RETAIN_SELF = YES;
				CLANG_WARN_OBJC_LITERAL_CONVERSION = YES;
				CLANG_WARN_OBJC_ROOT_CLASS = YES_ERROR;
				CLANG_WARN_QUOTED_INCLUDE_IN_FRAMEWORK_HEADER = YES;
				CLANG_WARN_RANGE_LOOP_ANALYSIS = YES;
				CLANG_WARN_STRICT_PROTOTYPES = YES;
				CLANG_WARN_SUSPICIOUS_MOVE = YES;
				CLANG_WARN_UNGUARDED_AVAILABILITY = YES_AGGRESSIVE;
				CLANG_WARN_UNREACHABLE_CODE = YES;
				CLANG_WARN__DUPLICATE_METHOD_MATCH = YES;
				COPY_PHASE_STRIP = NO;
				DEBUG_INFORMATION_FORMAT = dwarf;
				ENABLE_STRICT_OBJC_MSGSEND = YES;
				ENABLE_TESTABILITY = YES;
				GCC_C_LANGUAGE_STANDARD = gnu11;
				GCC_DYNAMIC_NO_PIC = NO;
				GCC_NO_COMMON_BLOCKS = YES;
				GCC_OPTIMIZATION_LEVEL = 0;
				GCC_PREPROCESSOR_DEFINITIONS = (
					"DEBUG=1",
					"$(inherited)",
				);
				GCC_WARN_64_TO_32_BIT_CONVERSION = YES;
				GCC_WARN_ABOUT_RETURN_TYPE = YES_ERROR;
				GCC_WARN_UNDECLARED_SELECTOR = YES;
				GCC_WARN_UNINITIALIZED_AUTOS = YES_AGGRESSIVE;
				GCC_WARN_UNUSED_FUNCTION = YES;
				GCC_WARN_UNUSED_VARIABLE = YES;
				IPHONEOS_DEPLOYMENT_TARGET = 13.0;
				MTL_ENABLE_DEBUG_INFO = INCLUDE_SOURCE;
				MTL_FAST_MATH = YES;
				ONLY_ACTIVE_ARCH = YES;
				SDKROOT = iphoneos;
				SWIFT_ACTIVE_COMPILATION_CONDITIONS = DEBUG;
				SWIFT_OPTIMIZATION_LEVEL = "-Onone";
			};
			name = Debug;
		};
		28975A2A2915A21E0037D3C0 /* Release */ = {
			isa = XCBuildConfiguration;
			buildSettings = {
				ALWAYS_SEARCH_USER_PATHS = NO;
				CLANG_ANALYZER_LOCALIZABILITY_NONLOCALIZED = YES;
				CLANG_ANALYZER_NONNULL = YES;
				CLANG_ANALYZER_NUMBER_OBJECT_CONVERSION = YES_AGGRESSIVE;
				CLANG_CXX_LANGUAGE_STANDARD = "gnu++20";
				CLANG_ENABLE_MODULES = YES;
				CLANG_ENABLE_OBJC_ARC = YES;
				CLANG_ENABLE_OBJC_WEAK = YES;
				CLANG_WARN_BLOCK_CAPTURE_AUTORELEASING = YES;
				CLANG_WARN_BOOL_CONVERSION = YES;
				CLANG_WARN_COMMA = YES;
				CLANG_WARN_CONSTANT_CONVERSION = YES;
				CLANG_WARN_DEPRECATED_OBJC_IMPLEMENTATIONS = YES;
				CLANG_WARN_DIRECT_OBJC_ISA_USAGE = YES_ERROR;
				CLANG_WARN_DOCUMENTATION_COMMENTS = YES;
				CLANG_WARN_EMPTY_BODY = YES;
				CLANG_WARN_ENUM_CONVERSION = YES;
				CLANG_WARN_INFINITE_RECURSION = YES;
				CLANG_WARN_INT_CONVERSION = YES;
				CLANG_WARN_NON_LITERAL_NULL_CONVERSION = YES;
				CLANG_WARN_OBJC_IMPLICIT_RETAIN_SELF = YES;
				CLANG_WARN_OBJC_LITERAL_CONVERSION = YES;
				CLANG_WARN_OBJC_ROOT_CLASS = YES_ERROR;
				CLANG_WARN_QUOTED_INCLUDE_IN_FRAMEWORK_HEADER = YES;
				CLANG_WARN_RANGE_LOOP_ANALYSIS = YES;
				CLANG_WARN_STRICT_PROTOTYPES = YES;
				CLANG_WARN_SUSPICIOUS_MOVE = YES;
				CLANG_WARN_UNGUARDED_AVAILABILITY = YES_AGGRESSIVE;
				CLANG_WARN_UNREACHABLE_CODE = YES;
				CLANG_WARN__DUPLICATE_METHOD_MATCH = YES;
				COPY_PHASE_STRIP = NO;
				DEBUG_INFORMATION_FORMAT = "dwarf-with-dsym";
				ENABLE_NS_ASSERTIONS = NO;
				ENABLE_STRICT_OBJC_MSGSEND = YES;
				GCC_C_LANGUAGE_STANDARD = gnu11;
				GCC_NO_COMMON_BLOCKS = YES;
				GCC_WARN_64_TO_32_BIT_CONVERSION = YES;
				GCC_WARN_ABOUT_RETURN_TYPE = YES_ERROR;
				GCC_WARN_UNDECLARED_SELECTOR = YES;
				GCC_WARN_UNINITIALIZED_AUTOS = YES_AGGRESSIVE;
				GCC_WARN_UNUSED_FUNCTION = YES;
				GCC_WARN_UNUSED_VARIABLE = YES;
				IPHONEOS_DEPLOYMENT_TARGET = 13.0;
				MTL_ENABLE_DEBUG_INFO = NO;
				MTL_FAST_MATH = YES;
				SDKROOT = iphoneos;
				SWIFT_COMPILATION_MODE = wholemodule;
				SWIFT_OPTIMIZATION_LEVEL = "-O";
				VALIDATE_PRODUCT = YES;
			};
			name = Release;
		};
		28975A2C2915A21E0037D3C0 /* Debug */ = {
			isa = XCBuildConfiguration;
			baseConfigurationReference = 82A499CD7A5C25E65C6CB8FD /* Pods-GBookBrowser.debug.xcconfig */;
			buildSettings = {
				ASSETCATALOG_COMPILER_APPICON_NAME = AppIcon;
				ASSETCATALOG_COMPILER_GLOBAL_ACCENT_COLOR_NAME = AccentColor;
				CODE_SIGN_STYLE = Automatic;
				CURRENT_PROJECT_VERSION = 1;
				DEVELOPMENT_TEAM = 35935VLHQ7;
				GENERATE_INFOPLIST_FILE = YES;
				INFOPLIST_FILE = GBookBrowser/Info.plist;
				INFOPLIST_KEY_UIApplicationSupportsIndirectInputEvents = YES;
				INFOPLIST_KEY_UILaunchStoryboardName = LaunchScreen;
				INFOPLIST_KEY_UIMainStoryboardFile = Main;
				INFOPLIST_KEY_UIRequiresFullScreen = NO;
				INFOPLIST_KEY_UIStatusBarStyle = UIStatusBarStyleDarkContent;
				INFOPLIST_KEY_UISupportedInterfaceOrientations = UIInterfaceOrientationPortrait;
				INFOPLIST_KEY_UISupportedInterfaceOrientations_iPad = "UIInterfaceOrientationLandscapeLeft UIInterfaceOrientationLandscapeRight UIInterfaceOrientationPortrait UIInterfaceOrientationPortraitUpsideDown";
				IPHONEOS_DEPLOYMENT_TARGET = 13.0;
				LD_RUNPATH_SEARCH_PATHS = (
					"$(inherited)",
					"@executable_path/Frameworks",
				);
				MARKETING_VERSION = 1.0;
				PRODUCT_BUNDLE_IDENTIFIER = com.smela.GBookBrowser;
				PRODUCT_NAME = "$(TARGET_NAME)";
				SWIFT_EMIT_LOC_STRINGS = YES;
				SWIFT_VERSION = 5.0;
				TARGETED_DEVICE_FAMILY = "1,2";
			};
			name = Debug;
		};
		28975A2D2915A21E0037D3C0 /* Release */ = {
			isa = XCBuildConfiguration;
			baseConfigurationReference = 7D1A71C0F8995C5237208C87 /* Pods-GBookBrowser.release.xcconfig */;
			buildSettings = {
				ASSETCATALOG_COMPILER_APPICON_NAME = AppIcon;
				ASSETCATALOG_COMPILER_GLOBAL_ACCENT_COLOR_NAME = AccentColor;
				CODE_SIGN_STYLE = Automatic;
				CURRENT_PROJECT_VERSION = 1;
				DEVELOPMENT_TEAM = 35935VLHQ7;
				GENERATE_INFOPLIST_FILE = YES;
				INFOPLIST_FILE = GBookBrowser/Info.plist;
				INFOPLIST_KEY_UIApplicationSupportsIndirectInputEvents = YES;
				INFOPLIST_KEY_UILaunchStoryboardName = LaunchScreen;
				INFOPLIST_KEY_UIMainStoryboardFile = Main;
				INFOPLIST_KEY_UIRequiresFullScreen = NO;
				INFOPLIST_KEY_UIStatusBarStyle = UIStatusBarStyleDarkContent;
				INFOPLIST_KEY_UISupportedInterfaceOrientations = UIInterfaceOrientationPortrait;
				INFOPLIST_KEY_UISupportedInterfaceOrientations_iPad = "UIInterfaceOrientationLandscapeLeft UIInterfaceOrientationLandscapeRight UIInterfaceOrientationPortrait UIInterfaceOrientationPortraitUpsideDown";
				IPHONEOS_DEPLOYMENT_TARGET = 13.0;
				LD_RUNPATH_SEARCH_PATHS = (
					"$(inherited)",
					"@executable_path/Frameworks",
				);
				MARKETING_VERSION = 1.0;
				PRODUCT_BUNDLE_IDENTIFIER = com.smela.GBookBrowser;
				PRODUCT_NAME = "$(TARGET_NAME)";
				SWIFT_EMIT_LOC_STRINGS = YES;
				SWIFT_VERSION = 5.0;
				TARGETED_DEVICE_FAMILY = "1,2";
			};
			name = Release;
		};
/* End XCBuildConfiguration section */

/* Begin XCConfigurationList section */
		28975A122915A2190037D3C0 /* Build configuration list for PBXProject "GBookBrowser" */ = {
			isa = XCConfigurationList;
			buildConfigurations = (
				28975A292915A21E0037D3C0 /* Debug */,
				28975A2A2915A21E0037D3C0 /* Release */,
			);
			defaultConfigurationIsVisible = 0;
			defaultConfigurationName = Release;
		};
		28975A2B2915A21E0037D3C0 /* Build configuration list for PBXNativeTarget "GBookBrowser" */ = {
			isa = XCConfigurationList;
			buildConfigurations = (
				28975A2C2915A21E0037D3C0 /* Debug */,
				28975A2D2915A21E0037D3C0 /* Release */,
			);
			defaultConfigurationIsVisible = 0;
			defaultConfigurationName = Release;
		};
/* End XCConfigurationList section */
	};
	rootObject = 28975A0F2915A2190037D3C0 /* Project object */;
}
